
Microsoft Visual Studio Solution File, Format Version 12.00
# Visual Studio Version 17
VisualStudioVersion = 17.5.33502.453
MinimumVisualStudioVersion = 10.0.40219.1
Project("{FAE04EC0-301F-11D3-BF4B-00C04F79EFBC}") = "Takrorlash", "Takrorlash\Takrorlash.csproj", "{FA0EE6C1-2B9D-44AB-AAEB-EA98EE90A0FB}"
EndProject
Global
	GlobalSection(SolutionConfigurationPlatforms) = preSolution
		Debug|Any CPU = Debug|Any CPU
		Release|Any CPU = Release|Any CPU
	EndGlobalSection
	GlobalSection(ProjectConfigurationPlatforms) = postSolution
		{FA0EE6C1-2B9D-44AB-AAEB-EA98EE90A0FB}.Debug|Any CPU.ActiveCfg = Debug|Any CPU
		{FA0EE6C1-2B9D-44AB-AAEB-EA98EE90A0FB}.Debug|Any CPU.Build.0 = Debug|Any CPU
		{FA0EE6C1-2B9D-44AB-AAEB-EA98EE90A0FB}.Release|Any CPU.ActiveCfg = Release|Any CPU
		{FA0EE6C1-2B9D-44AB-AAEB-EA98EE90A0FB}.Release|Any CPU.Build.0 = Release|Any CPU
	EndGlobalSection
	GlobalSection(SolutionProperties) = preSolution
		HideSolutionNode = FALSE
	EndGlobalSection
	GlobalSection(ExtensibilityGlobals) = postSolution
		SolutionGuid = {E1AD405B-98CC-410B-B5CA-1260A0F8EE91}
	EndGlobalSection
EndGlobal
